
Microsoft Visual Studio Solution File, Format Version 12.00
# Visual Studio 15
VisualStudioVersion = 15.0.26730.16
MinimumVisualStudioVersion = 10.0.40219.1
Project("{FAE04EC0-301F-11D3-BF4B-00C04F79EFBC}") = "SeleniumExtensions", "SeleniumExtensions\SeleniumExtensions.csproj", "{A4BF12EF-CA27-4E30-8DBB-4C9532E5D6CF}"
EndProject
Project("{FAE04EC0-301F-11D3-BF4B-00C04F79EFBC}") = "SeleniumBase", "SeleniumBase\SeleniumBase.csproj", "{255B21B9-4231-42FA-8F72-82E84304637B}"
EndProject
Global
	GlobalSection(SolutionConfigurationPlatforms) = preSolution
		Debug|Any CPU = Debug|Any CPU
		Release|Any CPU = Release|Any CPU
	EndGlobalSection
	GlobalSection(ProjectConfigurationPlatforms) = postSolution
		{A4BF12EF-CA27-4E30-8DBB-4C9532E5D6CF}.Debug|Any CPU.ActiveCfg = Debug|Any CPU
		{A4BF12EF-CA27-4E30-8DBB-4C9532E5D6CF}.Debug|Any CPU.Build.0 = Debug|Any CPU
		{A4BF12EF-CA27-4E30-8DBB-4C9532E5D6CF}.Release|Any CPU.ActiveCfg = Release|Any CPU
		{A4BF12EF-CA27-4E30-8DBB-4C9532E5D6CF}.Release|Any CPU.Build.0 = Release|Any CPU
		{255B21B9-4231-42FA-8F72-82E84304637B}.Debug|Any CPU.ActiveCfg = Debug|Any CPU
		{255B21B9-4231-42FA-8F72-82E84304637B}.Debug|Any CPU.Build.0 = Debug|Any CPU
		{255B21B9-4231-42FA-8F72-82E84304637B}.Release|Any CPU.ActiveCfg = Release|Any CPU
		{255B21B9-4231-42FA-8F72-82E84304637B}.Release|Any CPU.Build.0 = Release|Any CPU
	EndGlobalSection
	GlobalSection(SolutionProperties) = preSolution
		HideSolutionNode = FALSE
	EndGlobalSection
	GlobalSection(ExtensibilityGlobals) = postSolution
		SolutionGuid = {BF6A1E90-FA20-4513-8571-8316F98EA234}
	EndGlobalSection
EndGlobal
